{
  "name": "zen-garden",
  "version": "0.0.4",
  "lockfileVersion": 3,
  "requires": true,
  "packages": {
    "": {
      "name": "zen-garden",
      "version": "0.0.4",
      "dependencies": {
        "zen-garden": "file:"
      },
      "engines": {
        "vscode": "^1.96.0"
      }
    },
    "node_modules/zen-garden": {
      "resolved": "",
      "link": true
    }
  }
}
